
Microsoft Visual Studio Solution File, Format Version 12.00
# Visual Studio Version 16
VisualStudioVersion = 25.0.1703.0
MinimumVisualStudioVersion = 10.0.40219.1
Project("{FAE04EC0-301F-11D3-BF4B-00C04F79EFBC}") = "BlazorServer", "BlazorServer.csproj", "{13927F36-B04B-4DBD-9541-582A240715D6}"
EndProject
Global
	GlobalSection(SolutionConfigurationPlatforms) = preSolution
		Debug|Any CPU = Debug|Any CPU
		Release|Any CPU = Release|Any CPU
	EndGlobalSection
	GlobalSection(ProjectConfigurationPlatforms) = postSolution
		{13927F36-B04B-4DBD-9541-582A240715D6}.Debug|Any CPU.ActiveCfg = Debug|Any CPU
		{13927F36-B04B-4DBD-9541-582A240715D6}.Debug|Any CPU.Build.0 = Debug|Any CPU
		{13927F36-B04B-4DBD-9541-582A240715D6}.Release|Any CPU.ActiveCfg = Release|Any CPU
		{13927F36-B04B-4DBD-9541-582A240715D6}.Release|Any CPU.Build.0 = Release|Any CPU
	EndGlobalSection
	GlobalSection(SolutionProperties) = preSolution
		HideSolutionNode = FALSE
	EndGlobalSection
	GlobalSection(ExtensibilityGlobals) = postSolution
		SolutionGuid = {FCA5C1D2-4A59-4A4C-B801-48513AA1285F}
	EndGlobalSection
EndGlobal
